
Microsoft Visual Studio Solution File, Format Version 12.00
# Visual Studio Version 17
VisualStudioVersion = 17.4.33110.190
MinimumVisualStudioVersion = 10.0.40219.1
Project("{FAE04EC0-301F-11D3-BF4B-00C04F79EFBC}") = "WebApplication13", "WebApplication13\WebApplication13.csproj", "{8E7D86CF-7C20-4CEA-ACDE-9CB1A7ECB798}"
EndProject
Global
	GlobalSection(SolutionConfigurationPlatforms) = preSolution
		Debug|Any CPU = Debug|Any CPU
		Release|Any CPU = Release|Any CPU
	EndGlobalSection
	GlobalSection(ProjectConfigurationPlatforms) = postSolution
		{8E7D86CF-7C20-4CEA-ACDE-9CB1A7ECB798}.Debug|Any CPU.ActiveCfg = Debug|Any CPU
		{8E7D86CF-7C20-4CEA-ACDE-9CB1A7ECB798}.Debug|Any CPU.Build.0 = Debug|Any CPU
		{8E7D86CF-7C20-4CEA-ACDE-9CB1A7ECB798}.Release|Any CPU.ActiveCfg = Release|Any CPU
		{8E7D86CF-7C20-4CEA-ACDE-9CB1A7ECB798}.Release|Any CPU.Build.0 = Release|Any CPU
	EndGlobalSection
	GlobalSection(SolutionProperties) = preSolution
		HideSolutionNode = FALSE
	EndGlobalSection
	GlobalSection(ExtensibilityGlobals) = postSolution
		SolutionGuid = {B4088148-619C-4E97-834B-A8B93F468E65}
	EndGlobalSection
EndGlobal
